
Microsoft Visual Studio Solution File, Format Version 11.00
# Visual Studio 2010
Project("{8BC9CEB8-8B4A-11D0-8D11-00A0C91BC942}") = "OpenCV-Qt4", "OpenCV-Qt4\OpenCV-Qt4.vcxproj", "{A488E28E-563D-4E47-837C-1CAEA78A8A21}"
EndProject
Global
	GlobalSection(SolutionConfigurationPlatforms) = preSolution
		Debug|Win32 = Debug|Win32
		Release|Win32 = Release|Win32
	EndGlobalSection
	GlobalSection(ProjectConfigurationPlatforms) = postSolution
		{A488E28E-563D-4E47-837C-1CAEA78A8A21}.Debug|Win32.ActiveCfg = Debug|Win32
		{A488E28E-563D-4E47-837C-1CAEA78A8A21}.Debug|Win32.Build.0 = Debug|Win32
		{A488E28E-563D-4E47-837C-1CAEA78A8A21}.Release|Win32.ActiveCfg = Release|Win32
		{A488E28E-563D-4E47-837C-1CAEA78A8A21}.Release|Win32.Build.0 = Release|Win32
	EndGlobalSection
	GlobalSection(SolutionProperties) = preSolution
		HideSolutionNode = FALSE
	EndGlobalSection
EndGlobal
